
Microsoft Visual Studio Solution File, Format Version 12.00
# Visual Studio 15
VisualStudioVersion = 15.0.28307.852
MinimumVisualStudioVersion = 10.0.40219.1
Project("{FAE04EC0-301F-11D3-BF4B-00C04F79EFBC}") = "AutocompleteMenu", "AutocompleteMenu\AutocompleteMenu.csproj", "{6B71927C-8B83-4F21-8EBF-02CE9F1E6471}"
EndProject
Project("{FAE04EC0-301F-11D3-BF4B-00C04F79EFBC}") = "WindowsFormsApp2", "WindowsFormsApp2\WindowsFormsApp2.csproj", "{8A05AD8F-EB01-421F-BA9C-139352D9CAFA}"
EndProject
Global
	GlobalSection(SolutionConfigurationPlatforms) = preSolution
		Debug|Any CPU = Debug|Any CPU
		Release|Any CPU = Release|Any CPU
	EndGlobalSection
	GlobalSection(ProjectConfigurationPlatforms) = postSolution
		{6B71927C-8B83-4F21-8EBF-02CE9F1E6471}.Debug|Any CPU.ActiveCfg = Debug|Any CPU
		{6B71927C-8B83-4F21-8EBF-02CE9F1E6471}.Debug|Any CPU.Build.0 = Debug|Any CPU
		{6B71927C-8B83-4F21-8EBF-02CE9F1E6471}.Release|Any CPU.ActiveCfg = Release|Any CPU
		{6B71927C-8B83-4F21-8EBF-02CE9F1E6471}.Release|Any CPU.Build.0 = Release|Any CPU
		{8A05AD8F-EB01-421F-BA9C-139352D9CAFA}.Debug|Any CPU.ActiveCfg = Debug|Any CPU
		{8A05AD8F-EB01-421F-BA9C-139352D9CAFA}.Debug|Any CPU.Build.0 = Debug|Any CPU
		{8A05AD8F-EB01-421F-BA9C-139352D9CAFA}.Release|Any CPU.ActiveCfg = Release|Any CPU
		{8A05AD8F-EB01-421F-BA9C-139352D9CAFA}.Release|Any CPU.Build.0 = Release|Any CPU
	EndGlobalSection
	GlobalSection(SolutionProperties) = preSolution
		HideSolutionNode = FALSE
	EndGlobalSection
	GlobalSection(ExtensibilityGlobals) = postSolution
		SolutionGuid = {2EA47533-89D3-486C-B836-C4A5ED3E50B7}
	EndGlobalSection
EndGlobal
